
Microsoft Visual Studio Solution File, Format Version 12.00
# Visual Studio 14
VisualStudioVersion = 14.0.23107.0
MinimumVisualStudioVersion = 10.0.40219.1
Project("{FAE04EC0-301F-11D3-BF4B-00C04F79EFBC}") = "pjtVentas", "pjtVentas\pjtVentas.csproj", "{8FFB81CA-AB93-4550-8024-C649E5EC9315}"
EndProject
Project("{FAE04EC0-301F-11D3-BF4B-00C04F79EFBC}") = "ClassDato", "ClassDato\ClassDato.csproj", "{73E60485-6AD6-4FF2-9D88-CE7CBEFA7D6F}"
EndProject
Project("{FAE04EC0-301F-11D3-BF4B-00C04F79EFBC}") = "ClassBT", "ClassBT\ClassBT.csproj", "{C83AE761-0BB8-417F-8BBB-D6D891987494}"
EndProject
Project("{FAE04EC0-301F-11D3-BF4B-00C04F79EFBC}") = "ClassFunciones", "ClassFunciones\ClassFunciones.csproj", "{3766C009-41D2-4383-8231-0ADAB7C0576C}"
EndProject
Global
	GlobalSection(SolutionConfigurationPlatforms) = preSolution
		Debug|Any CPU = Debug|Any CPU
		Release|Any CPU = Release|Any CPU
	EndGlobalSection
	GlobalSection(ProjectConfigurationPlatforms) = postSolution
		{8FFB81CA-AB93-4550-8024-C649E5EC9315}.Debug|Any CPU.ActiveCfg = Debug|Any CPU
		{8FFB81CA-AB93-4550-8024-C649E5EC9315}.Debug|Any CPU.Build.0 = Debug|Any CPU
		{8FFB81CA-AB93-4550-8024-C649E5EC9315}.Release|Any CPU.ActiveCfg = Release|Any CPU
		{8FFB81CA-AB93-4550-8024-C649E5EC9315}.Release|Any CPU.Build.0 = Release|Any CPU
		{73E60485-6AD6-4FF2-9D88-CE7CBEFA7D6F}.Debug|Any CPU.ActiveCfg = Debug|Any CPU
		{73E60485-6AD6-4FF2-9D88-CE7CBEFA7D6F}.Debug|Any CPU.Build.0 = Debug|Any CPU
		{73E60485-6AD6-4FF2-9D88-CE7CBEFA7D6F}.Release|Any CPU.ActiveCfg = Release|Any CPU
		{73E60485-6AD6-4FF2-9D88-CE7CBEFA7D6F}.Release|Any CPU.Build.0 = Release|Any CPU
		{C83AE761-0BB8-417F-8BBB-D6D891987494}.Debug|Any CPU.ActiveCfg = Debug|Any CPU
		{C83AE761-0BB8-417F-8BBB-D6D891987494}.Debug|Any CPU.Build.0 = Debug|Any CPU
		{C83AE761-0BB8-417F-8BBB-D6D891987494}.Release|Any CPU.ActiveCfg = Release|Any CPU
		{C83AE761-0BB8-417F-8BBB-D6D891987494}.Release|Any CPU.Build.0 = Release|Any CPU
		{3766C009-41D2-4383-8231-0ADAB7C0576C}.Debug|Any CPU.ActiveCfg = Debug|Any CPU
		{3766C009-41D2-4383-8231-0ADAB7C0576C}.Debug|Any CPU.Build.0 = Debug|Any CPU
		{3766C009-41D2-4383-8231-0ADAB7C0576C}.Release|Any CPU.ActiveCfg = Release|Any CPU
		{3766C009-41D2-4383-8231-0ADAB7C0576C}.Release|Any CPU.Build.0 = Release|Any CPU
	EndGlobalSection
	GlobalSection(SolutionProperties) = preSolution
		HideSolutionNode = FALSE
	EndGlobalSection
EndGlobal
